
Microsoft Visual Studio Solution File, Format Version 12.00
# Visual Studio 14
VisualStudioVersion = 14.0.25123.0
MinimumVisualStudioVersion = 10.0.40219.1
Project("{2150E333-8FDC-42A3-9474-1A3956D46DE8}") = "Engine", "Engine", "{3D7FA8C3-EC0A-45A1-81F1-9D2907078F40}"
EndProject
Project("{2150E333-8FDC-42A3-9474-1A3956D46DE8}") = "Games", "Games", "{9321397F-5E8C-405C-A2D8-E30CD765EE00}"
EndProject
Project("{8BC9CEB8-8B4A-11D0-8D11-00A0C91BC942}") = "UE4", "Intermediate\ProjectFiles\UE4.vcxproj", "{BAD42A50-9D2B-4606-A0BE-785026D62160}"
EndProject
Project("{8BC9CEB8-8B4A-11D0-8D11-00A0C91BC942}") = "DiselPunk", "Intermediate\ProjectFiles\DiselPunk.vcxproj", "{AFA9A309-7D87-466D-A2BE-B181E107CB2E}"
EndProject
Global
	GlobalSection(SolutionConfigurationPlatforms) = preSolution
		DebugGame Editor|HTML5 = DebugGame Editor|HTML5
		DebugGame Editor|Win32 = DebugGame Editor|Win32
		DebugGame Editor|Win64 = DebugGame Editor|Win64
		DebugGame|HTML5 = DebugGame|HTML5
		DebugGame|Win32 = DebugGame|Win32
		DebugGame|Win64 = DebugGame|Win64
		Development Editor|HTML5 = Development Editor|HTML5
		Development Editor|Win32 = Development Editor|Win32
		Development Editor|Win64 = Development Editor|Win64
		Development|HTML5 = Development|HTML5
		Development|Win32 = Development|Win32
		Development|Win64 = Development|Win64
		Shipping|HTML5 = Shipping|HTML5
		Shipping|Win32 = Shipping|Win32
		Shipping|Win64 = Shipping|Win64
	EndGlobalSection
	GlobalSection(ProjectConfigurationPlatforms) = postSolution
		{BAD42A50-9D2B-4606-A0BE-785026D62160}.DebugGame Editor|HTML5.ActiveCfg = BuiltWithUnrealBuildTool|Win32
		{BAD42A50-9D2B-4606-A0BE-785026D62160}.DebugGame Editor|HTML5.Build.0 = BuiltWithUnrealBuildTool|Win32
		{BAD42A50-9D2B-4606-A0BE-785026D62160}.DebugGame Editor|Win32.ActiveCfg = BuiltWithUnrealBuildTool|Win32
		{BAD42A50-9D2B-4606-A0BE-785026D62160}.DebugGame Editor|Win32.Build.0 = BuiltWithUnrealBuildTool|Win32
		{BAD42A50-9D2B-4606-A0BE-785026D62160}.DebugGame Editor|Win64.ActiveCfg = BuiltWithUnrealBuildTool|Win32
		{BAD42A50-9D2B-4606-A0BE-785026D62160}.DebugGame Editor|Win64.Build.0 = BuiltWithUnrealBuildTool|Win32
		{BAD42A50-9D2B-4606-A0BE-785026D62160}.DebugGame|HTML5.ActiveCfg = BuiltWithUnrealBuildTool|Win32
		{BAD42A50-9D2B-4606-A0BE-785026D62160}.DebugGame|HTML5.Build.0 = BuiltWithUnrealBuildTool|Win32
		{BAD42A50-9D2B-4606-A0BE-785026D62160}.DebugGame|Win32.ActiveCfg = BuiltWithUnrealBuildTool|Win32
		{BAD42A50-9D2B-4606-A0BE-785026D62160}.DebugGame|Win32.Build.0 = BuiltWithUnrealBuildTool|Win32
		{BAD42A50-9D2B-4606-A0BE-785026D62160}.DebugGame|Win64.ActiveCfg = BuiltWithUnrealBuildTool|Win32
		{BAD42A50-9D2B-4606-A0BE-785026D62160}.DebugGame|Win64.Build.0 = BuiltWithUnrealBuildTool|Win32
		{BAD42A50-9D2B-4606-A0BE-785026D62160}.Development Editor|HTML5.ActiveCfg = BuiltWithUnrealBuildTool|Win32
		{BAD42A50-9D2B-4606-A0BE-785026D62160}.Development Editor|HTML5.Build.0 = BuiltWithUnrealBuildTool|Win32
		{BAD42A50-9D2B-4606-A0BE-785026D62160}.Development Editor|Win32.ActiveCfg = BuiltWithUnrealBuildTool|Win32
		{BAD42A50-9D2B-4606-A0BE-785026D62160}.Development Editor|Win32.Build.0 = BuiltWithUnrealBuildTool|Win32
		{BAD42A50-9D2B-4606-A0BE-785026D62160}.Development Editor|Win64.ActiveCfg = BuiltWithUnrealBuildTool|Win32
		{BAD42A50-9D2B-4606-A0BE-785026D62160}.Development Editor|Win64.Build.0 = BuiltWithUnrealBuildTool|Win32
		{BAD42A50-9D2B-4606-A0BE-785026D62160}.Development|HTML5.ActiveCfg = BuiltWithUnrealBuildTool|Win32
		{BAD42A50-9D2B-4606-A0BE-785026D62160}.Development|HTML5.Build.0 = BuiltWithUnrealBuildTool|Win32
		{BAD42A50-9D2B-4606-A0BE-785026D62160}.Development|Win32.ActiveCfg = BuiltWithUnrealBuildTool|Win32
		{BAD42A50-9D2B-4606-A0BE-785026D62160}.Development|Win32.Build.0 = BuiltWithUnrealBuildTool|Win32
		{BAD42A50-9D2B-4606-A0BE-785026D62160}.Development|Win64.ActiveCfg = BuiltWithUnrealBuildTool|Win32
		{BAD42A50-9D2B-4606-A0BE-785026D62160}.Development|Win64.Build.0 = BuiltWithUnrealBuildTool|Win32
		{BAD42A50-9D2B-4606-A0BE-785026D62160}.Shipping|HTML5.ActiveCfg = BuiltWithUnrealBuildTool|Win32
		{BAD42A50-9D2B-4606-A0BE-785026D62160}.Shipping|HTML5.Build.0 = BuiltWithUnrealBuildTool|Win32
		{BAD42A50-9D2B-4606-A0BE-785026D62160}.Shipping|Win32.ActiveCfg = BuiltWithUnrealBuildTool|Win32
		{BAD42A50-9D2B-4606-A0BE-785026D62160}.Shipping|Win32.Build.0 = BuiltWithUnrealBuildTool|Win32
		{BAD42A50-9D2B-4606-A0BE-785026D62160}.Shipping|Win64.ActiveCfg = BuiltWithUnrealBuildTool|Win32
		{BAD42A50-9D2B-4606-A0BE-785026D62160}.Shipping|Win64.Build.0 = BuiltWithUnrealBuildTool|Win32
		{AFA9A309-7D87-466D-A2BE-B181E107CB2E}.DebugGame Editor|HTML5.ActiveCfg = HTML5_DebugGame_Editor|Win32
		{AFA9A309-7D87-466D-A2BE-B181E107CB2E}.DebugGame Editor|Win32.ActiveCfg = DebugGame_Editor|Win32
		{AFA9A309-7D87-466D-A2BE-B181E107CB2E}.DebugGame Editor|Win64.ActiveCfg = DebugGame_Editor|x64
		{AFA9A309-7D87-466D-A2BE-B181E107CB2E}.DebugGame Editor|Win64.Build.0 = DebugGame_Editor|x64
		{AFA9A309-7D87-466D-A2BE-B181E107CB2E}.DebugGame|HTML5.ActiveCfg = HTML5_DebugGame_Game|Win32
		{AFA9A309-7D87-466D-A2BE-B181E107CB2E}.DebugGame|HTML5.Build.0 = HTML5_DebugGame_Game|Win32
		{AFA9A309-7D87-466D-A2BE-B181E107CB2E}.DebugGame|Win32.ActiveCfg = DebugGame_Game|Win32
		{AFA9A309-7D87-466D-A2BE-B181E107CB2E}.DebugGame|Win32.Build.0 = DebugGame_Game|Win32
		{AFA9A309-7D87-466D-A2BE-B181E107CB2E}.DebugGame|Win64.ActiveCfg = DebugGame_Game|x64
		{AFA9A309-7D87-466D-A2BE-B181E107CB2E}.DebugGame|Win64.Build.0 = DebugGame_Game|x64
		{AFA9A309-7D87-466D-A2BE-B181E107CB2E}.Development Editor|HTML5.ActiveCfg = HTML5_Development_Editor|Win32
		{AFA9A309-7D87-466D-A2BE-B181E107CB2E}.Development Editor|Win32.ActiveCfg = Development_Editor|Win32
		{AFA9A309-7D87-466D-A2BE-B181E107CB2E}.Development Editor|Win64.ActiveCfg = Development_Editor|x64
		{AFA9A309-7D87-466D-A2BE-B181E107CB2E}.Development Editor|Win64.Build.0 = Development_Editor|x64
		{AFA9A309-7D87-466D-A2BE-B181E107CB2E}.Development|HTML5.ActiveCfg = HTML5_Development_Game|Win32
		{AFA9A309-7D87-466D-A2BE-B181E107CB2E}.Development|HTML5.Build.0 = HTML5_Development_Game|Win32
		{AFA9A309-7D87-466D-A2BE-B181E107CB2E}.Development|Win32.ActiveCfg = Development_Game|Win32
		{AFA9A309-7D87-466D-A2BE-B181E107CB2E}.Development|Win32.Build.0 = Development_Game|Win32
		{AFA9A309-7D87-466D-A2BE-B181E107CB2E}.Development|Win64.ActiveCfg = Development_Game|x64
		{AFA9A309-7D87-466D-A2BE-B181E107CB2E}.Development|Win64.Build.0 = Development_Game|x64
		{AFA9A309-7D87-466D-A2BE-B181E107CB2E}.Shipping|HTML5.ActiveCfg = HTML5_Shipping_Game|Win32
		{AFA9A309-7D87-466D-A2BE-B181E107CB2E}.Shipping|HTML5.Build.0 = HTML5_Shipping_Game|Win32
		{AFA9A309-7D87-466D-A2BE-B181E107CB2E}.Shipping|Win32.ActiveCfg = Shipping_Game|Win32
		{AFA9A309-7D87-466D-A2BE-B181E107CB2E}.Shipping|Win32.Build.0 = Shipping_Game|Win32
		{AFA9A309-7D87-466D-A2BE-B181E107CB2E}.Shipping|Win64.ActiveCfg = Shipping_Game|x64
		{AFA9A309-7D87-466D-A2BE-B181E107CB2E}.Shipping|Win64.Build.0 = Shipping_Game|x64
	EndGlobalSection
	GlobalSection(SolutionProperties) = preSolution
		HideSolutionNode = FALSE
	EndGlobalSection
	GlobalSection(NestedProjects) = preSolution
		{BAD42A50-9D2B-4606-A0BE-785026D62160} = {3D7FA8C3-EC0A-45A1-81F1-9D2907078F40}
		{AFA9A309-7D87-466D-A2BE-B181E107CB2E} = {9321397F-5E8C-405C-A2D8-E30CD765EE00}
	EndGlobalSection
EndGlobal
